
Microsoft Visual Studio Solution File, Format Version 12.00
# Visual Studio Version 17
VisualStudioVersion = 17.5.33424.131
MinimumVisualStudioVersion = 10.0.40219.1
Project("{FAE04EC0-301F-11D3-BF4B-00C04F79EFBC}") = "COMP003A.Assignment7", "COMP003A.Assignment7\COMP003A.Assignment7.csproj", "{258943FF-640C-4600-AA95-C652D671479D}"
EndProject
Global
	GlobalSection(SolutionConfigurationPlatforms) = preSolution
		Debug|Any CPU = Debug|Any CPU
		Release|Any CPU = Release|Any CPU
	EndGlobalSection
	GlobalSection(ProjectConfigurationPlatforms) = postSolution
		{258943FF-640C-4600-AA95-C652D671479D}.Debug|Any CPU.ActiveCfg = Debug|Any CPU
		{258943FF-640C-4600-AA95-C652D671479D}.Debug|Any CPU.Build.0 = Debug|Any CPU
		{258943FF-640C-4600-AA95-C652D671479D}.Release|Any CPU.ActiveCfg = Release|Any CPU
		{258943FF-640C-4600-AA95-C652D671479D}.Release|Any CPU.Build.0 = Release|Any CPU
	EndGlobalSection
	GlobalSection(SolutionProperties) = preSolution
		HideSolutionNode = FALSE
	EndGlobalSection
	GlobalSection(ExtensibilityGlobals) = postSolution
		SolutionGuid = {0F5C390A-FDAE-4D94-83CE-F354CFAF3588}
	EndGlobalSection
EndGlobal
